lockfileVersion: 5.4

specifiers:
  '@vitejs/plugin-vue': ^4.0.0
  axios: ^1.2.2
  naive-ui: ^2.34.3
  qs: ^6.11.0
  vfonts: ^0.0.3
  vite: ^4.0.0
  vue: ^3.2.45

dependencies:
  axios: 1.2.2
  qs: 6.11.0
  vue: 3.2.45

devDependencies:
  '@vitejs/plugin-vue': 4.0.0_vite@4.0.3+vue@3.2.45
  naive-ui: 2.34.3_vue@3.2.45
  vfonts: 0.0.3
  vite: 4.0.3

packages:

  /@babel/helper-string-parser/7.19.4:
    resolution: {integrity: sha512-nHtDoQcuqFmwYNYPz3Rah5ph2p8PFeFCsZk9A/48dPc/rGocJ5J3hAAZ7pb76VWX3fZKu+uEr/FhH5jLx7umrw==}
    engines: {node: '>=6.9.0'}

  /@babel/helper-validator-identifier/7.19.1:
    resolution: {integrity: sha512-awrNfaMtnHUr653GgGEs++LlAvW6w+DcPrOliSMXWCKo597CwL5Acf/wWdNkf/tfEQE3mjkeD1YOVZOUV/od1w==}
    engines: {node: '>=6.9.0'}

  /@babel/parser/7.20.7:
    resolution: {integrity: sha512-T3Z9oHybU+0vZlY9CiDSJQTD5ZapcW18ZctFMi0MOAl/4BjFF4ul7NVSARLdbGO5vDqy9eQiGTV0LtKfvCYvcg==}
    engines: {node: '>=6.0.0'}
    hasBin: true
    dependencies:
      '@babel/types': 7.20.7

  /@babel/types/7.20.7:
    resolution: {integrity: sha512-69OnhBxSSgK0OzTJai4kyPDiKTIe3j+ctaHdIGVbRahTLAT7L3R9oeXHC2aVSuGYt3cVnoAMDmOCgJ2yaiLMvg==}
    engines: {node: '>=6.9.0'}
    dependencies:
      '@babel/helper-string-parser': 7.19.4
      '@babel/helper-validator-identifier': 7.19.1
      to-fast-properties: 2.0.0

  /@css-render/plugin-bem/0.15.12_css-render@0.15.12:
    resolution: {integrity: sha512-Lq2jSOZn+wYQtsyaFj6QRz2EzAnd3iW5fZeHO1WSXQdVYwvwGX0ZiH3X2JQgtgYLT1yeGtrwrqJdNdMEUD2xTw==}
    peerDependencies:
      css-render: ~0.15.12
    dependencies:
      css-render: 0.15.12
    dev: true

  /@css-render/vue3-ssr/0.15.12_vue@3.2.45:
    resolution: {integrity: sha512-AQLGhhaE0F+rwybRCkKUdzBdTEM/5PZBYy+fSYe1T9z9+yxMuV/k7ZRqa4M69X+EI1W8pa4kc9Iq2VjQkZx4rg==}
    peerDependencies:
      vue: ^3.0.11
    dependencies:
      vue: 3.2.45
    dev: true

  /@emotion/hash/0.8.0:
    resolution: {integrity: sha512-kBJtf7PH6aWwZ6fka3zQ0p6SBYzx4fl1LoZXE2RrnYST9Xljm7WfKJrU4g/Xr3Beg72MLrp1AWNUmuYJTL7Cow==}
    dev: true

  /@esbuild/android-arm/0.16.12:
    resolution: {integrity: sha512-CTWgMJtpCyCltrvipZrrcjjRu+rzm6pf9V8muCsJqtKujR3kPmU4ffbckvugNNaRmhxAF1ZI3J+0FUIFLFg8KA==}
    engines: {node: '>=12'}
    cpu: [arm]
    os: [android]
    requiresBuild: true
    dev: true
    optional: true

  /@esbuild/android-arm64/0.16.12:
    resolution: {integrity: sha512-0LacmiIW+X0/LOLMZqYtZ7d4uY9fxYABAYhSSOu+OGQVBqH4N5eIYgkT7bBFnR4Nm3qo6qS3RpHKVrDASqj/uQ==}
    engines: {node: '>=12'}
    cpu: [arm64]
    os: [android]
    requiresBuild: true
    dev: true
    optional: true

  /@esbuild/android-x64/0.16.12:
    resolution: {integrity: sha512-sS5CR3XBKQXYpSGMM28VuiUnbX83Z+aWPZzClW+OB2JquKqxoiwdqucJ5qvXS8pM6Up3RtJfDnRQZkz3en2z5g==}
    engines: {node: '>=12'}
    cpu: [x64]
    os: [android]
    requiresBuild: true
    dev: true
    optional: true

  /@esbuild/darwin-arm64/0.16.12:
    resolution: {integrity: sha512-Dpe5hOAQiQRH20YkFAg+wOpcd4PEuXud+aGgKBQa/VriPJA8zuVlgCOSTwna1CgYl05lf6o5els4dtuyk1qJxQ==}
    engines: {node: '>=12'}
    cpu: [arm64]
    os: [darwin]
    requiresBuild: true
    dev: true
    optional: true

  /@esbuild/darwin-x64/0.16.12:
    resolution: {integrity: sha512-ApGRA6X5txIcxV0095X4e4KKv87HAEXfuDRcGTniDWUUN+qPia8sl/BqG/0IomytQWajnUn4C7TOwHduk/FXBQ==}
    engines: {node: '>=12'}
    cpu: [x64]
    os: [darwin]
    requiresBuild: true
    dev: true
    optional: true

  /@esbuild/freebsd-arm64/0.16.12:
    resolution: {integrity: sha512-AMdK2gA9EU83ccXCWS1B/KcWYZCj4P3vDofZZkl/F/sBv/fphi2oUqUTox/g5GMcIxk8CF1CVYTC82+iBSyiUg==}
    engines: {node: '>=12'}
    cpu: [arm64]
    os: [freebsd]
    requiresBuild: true
    dev: true
    optional: true

  /@esbuild/freebsd-x64/0.16.12:
    resolution: {integrity: sha512-KUKB9w8G/xaAbD39t6gnRBuhQ8vIYYlxGT2I+mT6UGRnCGRr1+ePFIGBQmf5V16nxylgUuuWVW1zU2ktKkf6WQ==}
    engines: {node: '>=12'}
    cpu: [x64]
    os: [freebsd]
    requiresBuild: true
    dev: true
    optional: true

  /@esbuild/linux-arm/0.16.12:
    resolution: {integrity: sha512-vhDdIv6z4eL0FJyNVfdr3C/vdd/Wc6h1683GJsFoJzfKb92dU/v88FhWdigg0i6+3TsbSDeWbsPUXb4dif2abg==}
    engines: {node: '>=12'}
    cpu: [arm]
    os: [linux]
    requiresBuild: true
    dev: true
    optional: true

  /@esbuild/linux-arm64/0.16.12:
    resolution: {integrity: sha512-29HXMLpLklDfmw7T2buGqq3HImSUaZ1ArmrPOMaNiZZQptOSZs32SQtOHEl8xWX5vfdwZqrBfNf8Te4nArVzKQ==}
    engines: {node: '>=12'}
    cpu: [arm64]
    os: [linux]
    requiresBuild: true
    dev: true
    optional: true

  /@esbuild/linux-ia32/0.16.12:
    resolution: {integrity: sha512-JFDuNDTTfgD1LJg7wHA42o2uAO/9VzHYK0leAVnCQE/FdMB599YMH73ux+nS0xGr79pv/BK+hrmdRin3iLgQjg==}
    engines: {node: '>=12'}
    cpu: [ia32]
    os: [linux]
    requiresBuild: true
    dev: true
    optional: true

  /@esbuild/linux-loong64/0.16.12:
    resolution: {integrity: sha512-xTGzVPqm6WKfCC0iuj1fryIWr1NWEM8DMhAIo+4rFgUtwy/lfHl+Obvus4oddzRDbBetLLmojfVZGmt/g/g+Rw==}
    engines: {node: '>=12'}
    cpu: [loong64]
    os: [linux]
    requiresBuild: true
    dev: true
    optional: true

  /@esbuild/linux-mips64el/0.16.12:
    resolution: {integrity: sha512-zI1cNgHa3Gol+vPYjIYHzKhU6qMyOQrvZ82REr5Fv7rlh5PG6SkkuCoH7IryPqR+BK2c/7oISGsvPJPGnO2bHQ==}
    engines: {node: '>=12'}
    cpu: [mips64el]
    os: [linux]
    requiresBuild: true
    dev: true
    optional: true

  /@esbuild/linux-ppc64/0.16.12:
    resolution: {integrity: sha512-/C8OFXExoMmvTDIOAM54AhtmmuDHKoedUd0Otpfw3+AuuVGemA1nQK99oN909uZbLEU6Bi+7JheFMG3xGfZluQ==}
    engines: {node: '>=12'}
    cpu: [ppc64]
    os: [linux]
    requiresBuild: true
    dev: true
    optional: true

  /@esbuild/linux-riscv64/0.16.12:
    resolution: {integrity: sha512-qeouyyc8kAGV6Ni6Isz8hUsKMr00EHgVwUKWNp1r4l88fHEoNTDB8mmestvykW6MrstoGI7g2EAsgr0nxmuGYg==}
    engines: {node: '>=12'}
    cpu: [riscv64]
    os: [linux]
    requiresBuild: true
    dev: true
    optional: true

  /@esbuild/linux-s390x/0.16.12:
    resolution: {integrity: sha512-s9AyI/5vz1U4NNqnacEGFElqwnHusWa81pskAf8JNDM2eb6b2E6PpBmT8RzeZv6/TxE6/TADn2g9bb0jOUmXwQ==}
    engines: {node: '>=12'}
    cpu: [s390x]
    os: [linux]
    requiresBuild: true
    dev: true
    optional: true

  /@esbuild/linux-x64/0.16.12:
    resolution: {integrity: sha512-e8YA7GQGLWhvakBecLptUiKxOk4E/EPtSckS1i0MGYctW8ouvNUoh7xnU15PGO2jz7BYl8q1R6g0gE5HFtzpqQ==}
    engines: {node: '>=12'}
    cpu: [x64]
    os: [linux]
    requiresBuild: true
    dev: true
    optional: true

  /@esbuild/netbsd-x64/0.16.12:
    resolution: {integrity: sha512-z2+kUxmOqBS+6SRVd57iOLIHE8oGOoEnGVAmwjm2aENSP35HPS+5cK+FL1l+rhrsJOFIPrNHqDUNechpuG96Sg==}
    engines: {node: '>=12'}
    cpu: [x64]
    os: [netbsd]
    requiresBuild: true
    dev: true
    optional: true

  /@esbuild/openbsd-x64/0.16.12:
    resolution: {integrity: sha512-PAonw4LqIybwn2/vJujhbg1N9W2W8lw9RtXIvvZoyzoA/4rA4CpiuahVbASmQohiytRsixbNoIOUSjRygKXpyA==}
    engines: {node: '>=12'}
    cpu: [x64]
    os: [openbsd]
    requiresBuild: true
    dev: true
    optional: true

  /@esbuild/sunos-x64/0.16.12:
    resolution: {integrity: sha512-+wr1tkt1RERi+Zi/iQtkzmMH4nS8+7UIRxjcyRz7lur84wCkAITT50Olq/HiT4JN2X2bjtlOV6vt7ptW5Gw60Q==}
    engines: {node: '>=12'}
    cpu: [x64]
    os: [sunos]
    requiresBuild: true
    dev: true
    optional: true

  /@esbuild/win32-arm64/0.16.12:
    resolution: {integrity: sha512-XEjeUSHmjsAOJk8+pXJu9pFY2O5KKQbHXZWQylJzQuIBeiGrpMeq9sTVrHefHxMOyxUgoKQTcaTS+VK/K5SviA==}
    engines: {node: '>=12'}
    cpu: [arm64]
    os: [win32]
    requiresBuild: true
    dev: true
    optional: true

  /@esbuild/win32-ia32/0.16.12:
    resolution: {integrity: sha512-eRKPM7e0IecUAUYr2alW7JGDejrFJXmpjt4MlfonmQ5Rz9HWpKFGCjuuIRgKO7W9C/CWVFXdJ2GjddsBXqQI4A==}
    engines: {node: '>=12'}
    cpu: [ia32]
    os: [win32]
    requiresBuild: true
    dev: true
    optional: true

  /@esbuild/win32-x64/0.16.12:
    resolution: {integrity: sha512-iPYKN78t3op2+erv2frW568j1q0RpqX6JOLZ7oPPaAV1VaF7dDstOrNw37PVOYoTWE11pV4A1XUitpdEFNIsPg==}
    engines: {node: '>=12'}
    cpu: [x64]
    os: [win32]
    requiresBuild: true
    dev: true
    optional: true

  /@juggle/resize-observer/3.4.0:
    resolution: {integrity: sha512-dfLbk+PwWvFzSxwk3n5ySL0hfBog779o8h68wK/7/APo/7cgyWp5jcXockbxdk5kFRkbeXWm4Fbi9FrdN381sA==}
    dev: true

  /@types/katex/0.14.0:
    resolution: {integrity: sha512-+2FW2CcT0K3P+JMR8YG846bmDwplKUTsWgT2ENwdQ1UdVfRk3GQrh6Mi4sTopy30gI8Uau5CEqHTDZ6YvWIUPA==}
    dev: true

  /@types/lodash-es/4.17.6:
    resolution: {integrity: sha512-R+zTeVUKDdfoRxpAryaQNRKk3105Rrgx2CFRClIgRGaqDTdjsm8h6IYA8ir584W3ePzkZfst5xIgDwYrlh9HLg==}
    dependencies:
      '@types/lodash': 4.14.191
    dev: true

  /@types/lodash/4.14.191:
    resolution: {integrity: sha512-BdZ5BCCvho3EIXw6wUCXHe7rS53AIDPLE+JzwgT+OsJk53oBfbSmZZ7CX4VaRoN78N+TJpFi9QPlfIVNmJYWxQ==}
    dev: true

  /@vitejs/plugin-vue/4.0.0_vite@4.0.3+vue@3.2.45:
    resolution: {integrity: sha512-e0X4jErIxAB5oLtDqbHvHpJe/uWNkdpYV83AOG2xo2tEVSzCzewgJMtREZM30wXnM5ls90hxiOtAuVU6H5JgbA==}
    engines: {node: ^14.18.0 || >=16.0.0}
    peerDependencies:
      vite: ^4.0.0
      vue: ^3.2.25
    dependencies:
      vite: 4.0.3
      vue: 3.2.45
    dev: true

  /@vue/compiler-core/3.2.45:
    resolution: {integrity: sha512-rcMj7H+PYe5wBV3iYeUgbCglC+pbpN8hBLTJvRiK2eKQiWqu+fG9F+8sW99JdL4LQi7Re178UOxn09puSXvn4A==}
    dependencies:
      '@babel/parser': 7.20.7
      '@vue/shared': 3.2.45
      estree-walker: 2.0.2
      source-map: 0.6.1

  /@vue/compiler-dom/3.2.45:
    resolution: {integrity: sha512-tyYeUEuKqqZO137WrZkpwfPCdiiIeXYCcJ8L4gWz9vqaxzIQRccTSwSWZ/Axx5YR2z+LvpUbmPNXxuBU45lyRw==}
    dependencies:
      '@vue/compiler-core': 3.2.45
      '@vue/shared': 3.2.45

  /@vue/compiler-sfc/3.2.45:
    resolution: {integrity: sha512-1jXDuWah1ggsnSAOGsec8cFjT/K6TMZ0sPL3o3d84Ft2AYZi2jWJgRMjw4iaK0rBfA89L5gw427H4n1RZQBu6Q==}
    dependencies:
      '@babel/parser': 7.20.7
      '@vue/compiler-core': 3.2.45
      '@vue/compiler-dom': 3.2.45
      '@vue/compiler-ssr': 3.2.45
      '@vue/reactivity-transform': 3.2.45
      '@vue/shared': 3.2.45
      estree-walker: 2.0.2
      magic-string: 0.25.9
      postcss: 8.4.20
      source-map: 0.6.1

  /@vue/compiler-ssr/3.2.45:
    resolution: {integrity: sha512-6BRaggEGqhWht3lt24CrIbQSRD5O07MTmd+LjAn5fJj568+R9eUD2F7wMQJjX859seSlrYog7sUtrZSd7feqrQ==}
    dependencies:
      '@vue/compiler-dom': 3.2.45
      '@vue/shared': 3.2.45

  /@vue/reactivity-transform/3.2.45:
    resolution: {integrity: sha512-BHVmzYAvM7vcU5WmuYqXpwaBHjsS8T63jlKGWVtHxAHIoMIlmaMyurUSEs1Zcg46M4AYT5MtB1U274/2aNzjJQ==}
    dependencies:
      '@babel/parser': 7.20.7
      '@vue/compiler-core': 3.2.45
      '@vue/shared': 3.2.45
      estree-walker: 2.0.2
      magic-string: 0.25.9

  /@vue/reactivity/3.2.45:
    resolution: {integrity: sha512-PRvhCcQcyEVohW0P8iQ7HDcIOXRjZfAsOds3N99X/Dzewy8TVhTCT4uXpAHfoKjVTJRA0O0K+6QNkDIZAxNi3A==}
    dependencies:
      '@vue/shared': 3.2.45

  /@vue/runtime-core/3.2.45:
    resolution: {integrity: sha512-gzJiTA3f74cgARptqzYswmoQx0fIA+gGYBfokYVhF8YSXjWTUA2SngRzZRku2HbGbjzB6LBYSbKGIaK8IW+s0A==}
    dependencies:
      '@vue/reactivity': 3.2.45
      '@vue/shared': 3.2.45

  /@vue/runtime-dom/3.2.45:
    resolution: {integrity: sha512-cy88YpfP5Ue2bDBbj75Cb4bIEZUMM/mAkDMfqDTpUYVgTf/kuQ2VQ8LebuZ8k6EudgH8pYhsGWHlY0lcxlvTwA==}
    dependencies:
      '@vue/runtime-core': 3.2.45
      '@vue/shared': 3.2.45
      csstype: 2.6.21

  /@vue/server-renderer/3.2.45_vue@3.2.45:
    resolution: {integrity: sha512-ebiMq7q24WBU1D6uhPK//2OTR1iRIyxjF5iVq/1a5I1SDMDyDu4Ts6fJaMnjrvD3MqnaiFkKQj+LKAgz5WIK3g==}
    peerDependencies:
      vue: 3.2.45
    dependencies:
      '@vue/compiler-ssr': 3.2.45
      '@vue/shared': 3.2.45
      vue: 3.2.45

  /@vue/shared/3.2.45:
    resolution: {integrity: sha512-Ewzq5Yhimg7pSztDV+RH1UDKBzmtqieXQlpTVm2AwraoRL/Rks96mvd8Vgi7Lj+h+TH8dv7mXD3FRZR3TUvbSg==}

  /async-validator/4.2.5:
    resolution: {integrity: sha512-7HhHjtERjqlNbZtqNqy2rckN/SpOOlmDliet+lP7k+eKZEjPk3DgyeU9lIXLdeLz0uBbbVp+9Qdow9wJWgwwfg==}
    dev: true

  /asynckit/0.4.0:
    resolution: {integrity: sha512-Oei9OH4tRh0YqU3GxhX79dM/mwVgvbZJaSNaRk+bshkj0S5cfHcgYakreBjrHwatXKbz+IoIdYLxrKim2MjW0Q==}
    dev: false

  /axios/1.2.2:
    resolution: {integrity: sha512-bz/J4gS2S3I7mpN/YZfGFTqhXTYzRho8Ay38w2otuuDR322KzFIWm/4W2K6gIwvWaws5n+mnb7D1lN9uD+QH6Q==}
    dependencies:
      follow-redirects: 1.15.2
      form-data: 4.0.0
      proxy-from-env: 1.1.0
    transitivePeerDependencies:
      - debug
    dev: false

  /call-bind/1.0.2:
    resolution: {integrity: sha512-7O+FbCihrB5WGbFYesctwmTKae6rOiIzmz1icreWJ+0aA7LJfuqhEso2T9ncpcFtzMQtzXf2QGGueWJGTYsqrA==}
    dependencies:
      function-bind: 1.1.1
      get-intrinsic: 1.1.3
    dev: false

  /combined-stream/1.0.8:
    resolution: {integrity: sha512-FQN4MRfuJeHf7cBbBMJFXhKSDq+2kAArBlmRBvcvFE5BB1HZKXtSFASDhdlz9zOYwxh8lDdnvmMOe/+5cdoEdg==}
    engines: {node: '>= 0.8'}
    dependencies:
      delayed-stream: 1.0.0
    dev: false

  /css-render/0.15.12:
    resolution: {integrity: sha512-eWzS66patiGkTTik+ipO9qNGZ+uNuGyTmnz6/+EJIiFg8+3yZRpnMwgFo8YdXhQRsiePzehnusrxVvugNjXzbw==}
    dependencies:
      '@emotion/hash': 0.8.0
      csstype: 3.0.11
    dev: true

  /csstype/2.6.21:
    resolution: {integrity: sha512-Z1PhmomIfypOpoMjRQB70jfvy/wxT50qW08YXO5lMIJkrdq4yOTR+AW7FqutScmB9NkLwxo+jU+kZLbofZZq/w==}

  /csstype/3.0.11:
    resolution: {integrity: sha512-sa6P2wJ+CAbgyy4KFssIb/JNMLxFvKF1pCYCSXS8ZMuqZnMsrxqI2E5sPyoTpxoPU/gVZMzr2zjOfg8GIZOMsw==}
    dev: true

  /date-fns-tz/1.3.7_date-fns@2.29.3:
    resolution: {integrity: sha512-1t1b8zyJo+UI8aR+g3iqr5fkUHWpd58VBx8J/ZSQ+w7YrGlw80Ag4sA86qkfCXRBLmMc4I2US+aPMd4uKvwj5g==}
    peerDependencies:
      date-fns: '>=2.0.0'
    dependencies:
      date-fns: 2.29.3
    dev: true

  /date-fns/2.29.3:
    resolution: {integrity: sha512-dDCnyH2WnnKusqvZZ6+jA1O51Ibt8ZMRNkDZdyAyK4YfbDwa/cEmuztzG5pk6hqlp9aSBPYcjOlktquahGwGeA==}
    engines: {node: '>=0.11'}
    dev: true

  /delayed-stream/1.0.0:
    resolution: {integrity: sha512-ZySD7Nf91aLB0RxL4KGrKHBXl7Eds1DAmEdcoVawXnLD7SDhpNgtuII2aAkg7a7QS41jxPSZ17p4VdGnMHk3MQ==}
    engines: {node: '>=0.4.0'}
    dev: false

  /esbuild/0.16.12:
    resolution: {integrity: sha512-eq5KcuXajf2OmivCl4e89AD3j8fbV+UTE9vczEzq5haA07U9oOTzBWlh3+6ZdjJR7Rz2QfWZ2uxZyhZxBgJ4+g==}
    engines: {node: '>=12'}
    hasBin: true
    requiresBuild: true
    optionalDependencies:
      '@esbuild/android-arm': 0.16.12
      '@esbuild/android-arm64': 0.16.12
      '@esbuild/android-x64': 0.16.12
      '@esbuild/darwin-arm64': 0.16.12
      '@esbuild/darwin-x64': 0.16.12
      '@esbuild/freebsd-arm64': 0.16.12
      '@esbuild/freebsd-x64': 0.16.12
      '@esbuild/linux-arm': 0.16.12
      '@esbuild/linux-arm64': 0.16.12
      '@esbuild/linux-ia32': 0.16.12
      '@esbuild/linux-loong64': 0.16.12
      '@esbuild/linux-mips64el': 0.16.12
      '@esbuild/linux-ppc64': 0.16.12
      '@esbuild/linux-riscv64': 0.16.12
      '@esbuild/linux-s390x': 0.16.12
      '@esbuild/linux-x64': 0.16.12
      '@esbuild/netbsd-x64': 0.16.12
      '@esbuild/openbsd-x64': 0.16.12
      '@esbuild/sunos-x64': 0.16.12
      '@esbuild/win32-arm64': 0.16.12
      '@esbuild/win32-ia32': 0.16.12
      '@esbuild/win32-x64': 0.16.12
    dev: true

  /estree-walker/2.0.2:
    resolution: {integrity: sha512-Rfkk/Mp/DL7JVje3u18FxFujQlTNR2q6QfMSMB7AvCBx91NGj/ba3kCfza0f6dVDbw7YlRf/nDrn7pQrCCyQ/w==}

  /evtd/0.2.4:
    resolution: {integrity: sha512-qaeGN5bx63s/AXgQo8gj6fBkxge+OoLddLniox5qtLAEY5HSnuSlISXVPxnSae1dWblvTh4/HoMIB+mbMsvZzw==}
    dev: true

  /follow-redirects/1.15.2:
    resolution: {integrity: sha512-VQLG33o04KaQ8uYi2tVNbdrWp1QWxNNea+nmIB4EVM28v0hmP17z7aG1+wAkNzVq4KeXTq3221ye5qTJP91JwA==}
    engines: {node: '>=4.0'}
    peerDependencies:
      debug: '*'
    peerDependenciesMeta:
      debug:
        optional: true
    dev: false

  /form-data/4.0.0:
    resolution: {integrity: sha512-ETEklSGi5t0QMZuiXoA/Q6vcnxcLQP5vdugSpuAyi6SVGi2clPPp+xgEhuMaHC+zGgn31Kd235W35f7Hykkaww==}
    engines: {node: '>= 6'}
    dependencies:
      asynckit: 0.4.0
      combined-stream: 1.0.8
      mime-types: 2.1.35
    dev: false

  /fsevents/2.3.2:
    resolution: {integrity: sha512-xiqMQR4xAeHTuB9uWm+fFRcIOgKBMiOBP+eXiyT7jsgVCq1bkVygt00oASowB7EdtpOHaaPgKt812P9ab+DDKA==}
    engines: {node: ^8.16.0 || ^10.6.0 || >=11.0.0}
    os: [darwin]
    requiresBuild: true
    dev: true
    optional: true

  /function-bind/1.1.1:
    resolution: {integrity: sha512-yIovAzMX49sF8Yl58fSCWJ5svSLuaibPxXQJFLmBObTuCr0Mf1KiPopGM9NiFjiYBCbfaa2Fh6breQ6ANVTI0A==}

  /get-intrinsic/1.1.3:
    resolution: {integrity: sha512-QJVz1Tj7MS099PevUG5jvnt9tSkXN8K14dxQlikJuPt4uD9hHAHjLyLBiLR5zELelBdD9QNRAXZzsJx0WaDL9A==}
    dependencies:
      function-bind: 1.1.1
      has: 1.0.3
      has-symbols: 1.0.3
    dev: false

  /has-symbols/1.0.3:
    resolution: {integrity: sha512-l3LCuF6MgDNwTDKkdYGEihYjt5pRPbEg46rtlmnSPlUbgmB8LOIrKJbYYFBSbnPaJexMKtiPO8hmeRjRz2Td+A==}
    engines: {node: '>= 0.4'}
    dev: false

  /has/1.0.3:
    resolution: {integrity: sha512-f2dvO0VU6Oej7RkWJGrehjbzMAjFp5/VKPp5tTpWIV4JHHZK1/BxbFRtf/siA2SWTe09caDmVtYYzWEIbBS4zw==}
    engines: {node: '>= 0.4.0'}
    dependencies:
      function-bind: 1.1.1

  /highlight.js/11.7.0:
    resolution: {integrity: sha512-1rRqesRFhMO/PRF+G86evnyJkCgaZFOI+Z6kdj15TA18funfoqJXvgPCLSf0SWq3SRfg1j3HlDs8o4s3EGq1oQ==}
    engines: {node: '>=12.0.0'}
    dev: true

  /is-core-module/2.11.0:
    resolution: {integrity: sha512-RRjxlvLDkD1YJwDbroBHMb+cukurkDWNyHx7D3oNB5x9rb5ogcksMC5wHCadcXoo67gVr/+3GFySh3134zi6rw==}
    dependencies:
      has: 1.0.3
    dev: true

  /lodash-es/4.17.21:
    resolution: {integrity: sha512-mKnC+QJ9pWVzv+C4/U3rRsHapFfHvQFoFB92e52xeyGMcX6/OlIl78je1u8vePzYZSkkogMPJ2yjxxsb89cxyw==}
    dev: true

  /lodash/4.17.21:
    resolution: {integrity: sha512-v2kDEe57lecTulaDIuNTPy3Ry4gLGJ6Z1O3vE1krgXZNrsQ+LFTGHVxVjcXPs17LhbZVGedAJv8XZ1tvj5FvSg==}
    dev: true

  /magic-string/0.25.9:
    resolution: {integrity: sha512-RmF0AsMzgt25qzqqLc1+MbHmhdx0ojF2Fvs4XnOqz2ZOBXzzkEwc/dJQZCYHAn7v1jbVOjAZfK8msRn4BxO4VQ==}
    dependencies:
      sourcemap-codec: 1.4.8

  /mime-db/1.52.0:
    resolution: {integrity: sha512-sPU4uV7dYlvtWJxwwxHD0PuihVNiE7TyAbQ5SWxDCB9mUYvOgroQOwYQQOKPJ8CIbE+1ETVlOoK1UC2nU3gYvg==}
    engines: {node: '>= 0.6'}
    dev: false

  /mime-types/2.1.35:
    resolution: {integrity: sha512-ZDY+bPm5zTTF+YpCrAU9nK0UgICYPT0QtT1NZWFv4s++TNkcgVaT0g6+4R2uI4MjQjzysHB1zxuWL50hzaeXiw==}
    engines: {node: '>= 0.6'}
    dependencies:
      mime-db: 1.52.0
    dev: false

  /naive-ui/2.34.3_vue@3.2.45:
    resolution: {integrity: sha512-fUMr0dzb/iGsOTWgoblPVobY5X5dihQ1eam5dA+H74oyLYAvgX4pL96xQFPBLIYqvyRFBAsN85kHN5pLqdtpxA==}
    peerDependencies:
      vue: ^3.0.0
    dependencies:
      '@css-render/plugin-bem': 0.15.12_css-render@0.15.12
      '@css-render/vue3-ssr': 0.15.12_vue@3.2.45
      '@types/katex': 0.14.0
      '@types/lodash': 4.14.191
      '@types/lodash-es': 4.17.6
      async-validator: 4.2.5
      css-render: 0.15.12
      date-fns: 2.29.3
      date-fns-tz: 1.3.7_date-fns@2.29.3
      evtd: 0.2.4
      highlight.js: 11.7.0
      lodash: 4.17.21
      lodash-es: 4.17.21
      seemly: 0.3.6
      treemate: 0.3.11
      vdirs: 0.1.8_vue@3.2.45
      vooks: 0.2.12_vue@3.2.45
      vue: 3.2.45
      vueuc: 0.4.51_vue@3.2.45
    dev: true

  /nanoid/3.3.4:
    resolution: {integrity: sha512-MqBkQh/OHTS2egovRtLk45wEyNXwF+cokD+1YPf9u5VfJiRdAiRwB2froX5Co9Rh20xs4siNPm8naNotSD6RBw==}
    engines: {node: ^10 || ^12 || ^13.7 || ^14 || >=15.0.1}
    hasBin: true

  /object-inspect/1.12.2:
    resolution: {integrity: sha512-z+cPxW0QGUp0mcqcsgQyLVRDoXFQbXOwBaqyF7VIgI4TWNQsDHrBpUQslRmIfAoYWdYzs6UlKJtB2XJpTaNSpQ==}
    dev: false

  /path-parse/1.0.7:
    resolution: {integrity: sha512-LDJzPVEEEPR+y48z93A0Ed0yXb8pAByGWo/k5YYdYgpY2/2EsOsksJrq7lOHxryrVOn1ejG6oAp8ahvOIQD8sw==}
    dev: true

  /picocolors/1.0.0:
    resolution: {integrity: sha512-1fygroTLlHu66zi26VoTDv8yRgm0Fccecssto+MhsZ0D/DGW2sm8E8AjW7NU5VVTRt5GxbeZ5qBuJr+HyLYkjQ==}

  /postcss/8.4.20:
    resolution: {integrity: sha512-6Q04AXR1212bXr5fh03u8aAwbLxAQNGQ/Q1LNa0VfOI06ZAlhPHtQvE4OIdpj4kLThXilalPnmDSOD65DcHt+g==}
    engines: {node: ^10 || ^12 || >=14}
    dependencies:
      nanoid: 3.3.4
      picocolors: 1.0.0
      source-map-js: 1.0.2

  /proxy-from-env/1.1.0:
    resolution: {integrity: sha512-D+zkORCbA9f1tdWRK0RaCR3GPv50cMxcrz4X8k5LTSUD1Dkw47mKJEZQNunItRTkWwgtaUSo1RVFRIG9ZXiFYg==}
    dev: false

  /qs/6.11.0:
    resolution: {integrity: sha512-MvjoMCJwEarSbUYk5O+nmoSzSutSsTwF85zcHPQ9OrlFoZOYIjaqBAJIqIXjptyD5vThxGq52Xu/MaJzRkIk4Q==}
    engines: {node: '>=0.6'}
    dependencies:
      side-channel: 1.0.4
    dev: false

  /resolve/1.22.1:
    resolution: {integrity: sha512-nBpuuYuY5jFsli/JIs1oldw6fOQCBioohqWZg/2hiaOybXOft4lonv85uDOKXdf8rhyK159cxU5cDcK/NKk8zw==}
    hasBin: true
    dependencies:
      is-core-module: 2.11.0
      path-parse: 1.0.7
      supports-preserve-symlinks-flag: 1.0.0
    dev: true

  /rollup/3.9.0:
    resolution: {integrity: sha512-nGGylpmblyjTpF4lEUPgmOw6OVxRvnI6Iuuh6Lz4O/X66cVOX1XJSsqP1YamxQ+mPuFE7qJxLFDSCk8rNv5dDw==}
    engines: {node: '>=14.18.0', npm: '>=8.0.0'}
    hasBin: true
    optionalDependencies:
      fsevents: 2.3.2
    dev: true

  /seemly/0.3.6:
    resolution: {integrity: sha512-lEV5VB8BUKTo/AfktXJcy+JeXns26ylbMkIUco8CYREsQijuz4mrXres2Q+vMLdwkuLxJdIPQ8IlCIxLYm71Yw==}
    dev: true

  /side-channel/1.0.4:
    resolution: {integrity: sha512-q5XPytqFEIKHkGdiMIrY10mvLRvnQh42/+GoBlFW3b2LXLE2xxJpZFdm94we0BaoV3RwJyGqg5wS7epxTv0Zvw==}
    dependencies:
      call-bind: 1.0.2
      get-intrinsic: 1.1.3
      object-inspect: 1.12.2
    dev: false

  /source-map-js/1.0.2:
    resolution: {integrity: sha512-R0XvVJ9WusLiqTCEiGCmICCMplcCkIwwR11mOSD9CR5u+IXYdiseeEuXCVAjS54zqwkLcPNnmU4OeJ6tUrWhDw==}
    engines: {node: '>=0.10.0'}

  /source-map/0.6.1:
    resolution: {integrity: sha512-UjgapumWlbMhkBgzT7Ykc5YXUT46F0iKu8SGXq0bcwP5dz/h0Plj6enJqjz1Zbq2l5WaqYnrVbwWOWMyF3F47g==}
    engines: {node: '>=0.10.0'}

  /sourcemap-codec/1.4.8:
    resolution: {integrity: sha512-9NykojV5Uih4lgo5So5dtw+f0JgJX30KCNI8gwhz2J9A15wD0Ml6tjHKwf6fTSa6fAdVBdZeNOs9eJ71qCk8vA==}
    deprecated: Please use @jridgewell/sourcemap-codec instead

  /supports-preserve-symlinks-flag/1.0.0:
    resolution: {integrity: sha512-ot0WnXS9fgdkgIcePe6RHNk1WA8+muPa6cSjeR3V8K27q9BB1rTE3R1p7Hv0z1ZyAc8s6Vvv8DIyWf681MAt0w==}
    engines: {node: '>= 0.4'}
    dev: true

  /to-fast-properties/2.0.0:
    resolution: {integrity: sha512-/OaKK0xYrs3DmxRYqL/yDc+FxFUVYhDlXMhRmv3z915w2HF1tnN1omB354j8VUGO/hbRzyD6Y3sA7v7GS/ceog==}
    engines: {node: '>=4'}

  /treemate/0.3.11:
    resolution: {integrity: sha512-M8RGFoKtZ8dF+iwJfAJTOH/SM4KluKOKRJpjCMhI8bG3qB74zrFoArKZ62ll0Fr3mqkMJiQOmWYkdYgDeITYQg==}
    dev: true

  /vdirs/0.1.8_vue@3.2.45:
    resolution: {integrity: sha512-H9V1zGRLQZg9b+GdMk8MXDN2Lva0zx72MPahDKc30v+DtwKjfyOSXWRIX4t2mhDubM1H09gPhWeth/BJWPHGUw==}
    peerDependencies:
      vue: ^3.0.11
    dependencies:
      evtd: 0.2.4
      vue: 3.2.45
    dev: true

  /vfonts/0.0.3:
    resolution: {integrity: sha512-nguyw8L6Un8eelg1vQ31vIU2ESxqid7EYmy8V+MDeMaHBqaRSkg3dTBToC1PR00D89UzS/SLkfYPnx0Wf23IQQ==}
    dev: true

  /vite/4.0.3:
    resolution: {integrity: sha512-HvuNv1RdE7deIfQb8mPk51UKjqptO/4RXZ5yXSAvurd5xOckwS/gg8h9Tky3uSbnjYTgUm0hVCet1cyhKd73ZA==}
    engines: {node: ^14.18.0 || >=16.0.0}
    hasBin: true
    peerDependencies:
      '@types/node': '>= 14'
      less: '*'
      sass: '*'
      stylus: '*'
      sugarss: '*'
      terser: ^5.4.0
    peerDependenciesMeta:
      '@types/node':
        optional: true
      less:
        optional: true
      sass:
        optional: true
      stylus:
        optional: true
      sugarss:
        optional: true
      terser:
        optional: true
    dependencies:
      esbuild: 0.16.12
      postcss: 8.4.20
      resolve: 1.22.1
      rollup: 3.9.0
    optionalDependencies:
      fsevents: 2.3.2
    dev: true

  /vooks/0.2.12_vue@3.2.45:
    resolution: {integrity: sha512-iox0I3RZzxtKlcgYaStQYKEzWWGAduMmq+jS7OrNdQo1FgGfPMubGL3uGHOU9n97NIvfFDBGnpSvkWyb/NSn/Q==}
    peerDependencies:
      vue: ^3.0.0
    dependencies:
      evtd: 0.2.4
      vue: 3.2.45
    dev: true

  /vue/3.2.45:
    resolution: {integrity: sha512-9Nx/Mg2b2xWlXykmCwiTUCWHbWIj53bnkizBxKai1g61f2Xit700A1ljowpTIM11e3uipOeiPcSqnmBg6gyiaA==}
    dependencies:
      '@vue/compiler-dom': 3.2.45
      '@vue/compiler-sfc': 3.2.45
      '@vue/runtime-dom': 3.2.45
      '@vue/server-renderer': 3.2.45_vue@3.2.45
      '@vue/shared': 3.2.45

  /vueuc/0.4.51_vue@3.2.45:
    resolution: {integrity: sha512-pLiMChM4f+W8czlIClGvGBYo656lc2Y0/mXFSCydcSmnCR1izlKPGMgiYBGjbY9FDkFG8a2HEVz7t0DNzBWbDw==}
    peerDependencies:
      vue: ^3.0.11
    dependencies:
      '@css-render/vue3-ssr': 0.15.12_vue@3.2.45
      '@juggle/resize-observer': 3.4.0
      css-render: 0.15.12
      evtd: 0.2.4
      seemly: 0.3.6
      vdirs: 0.1.8_vue@3.2.45
      vooks: 0.2.12_vue@3.2.45
      vue: 3.2.45
    dev: true
